// !$*UTF8*$!
{
	archiveVersion = 1;
	classes = {
	};
	objectVersion = 46;
	objects = {

/* Begin PBXBuildFile section */
		E424A9D21E37B5C9001D3467 /* SlideMenuController.swift in Sources */ = {isa = PBXBuildFile; fileRef = E424A9D11E37B5C9001D3467 /* SlideMenuController.swift */; };
		E43CE7951E7825DF00618C39 /* LeftViewController.swift in Sources */ = {isa = PBXBuildFile; fileRef = E43CE7941E7825DF00618C39 /* LeftViewController.swift */; };
		E43CE7971E78263200618C39 /* RightViewController.swift in Sources */ = {isa = PBXBuildFile; fileRef = E43CE7961E78263200618C39 /* RightViewController.swift */; };
		E43CE79A1E78437A00618C39 /* BaseTableViewCell.swift in Sources */ = {isa = PBXBuildFile; fileRef = E43CE7981E78437A00618C39 /* BaseTableViewCell.swift */; };
		E43CE79B1E78437A00618C39 /* DataTableViewCell.swift in Sources */ = {isa = PBXBuildFile; fileRef = E43CE7991E78437A00618C39 /* DataTableViewCell.swift */; };
		E43CE79D1E7843C700618C39 /* SubContentsViewController.swift in Sources */ = {isa = PBXBuildFile; fileRef = E43CE79C1E7843C700618C39 /* SubContentsViewController.swift */; };
		E43CE79F1E7843EA00618C39 /* UITableViewExtension.swift in Sources */ = {isa = PBXBuildFile; fileRef = E43CE79E1E7843EA00618C39 /* UITableViewExtension.swift */; };
		E43CE7A11E78440600618C39 /* UIViewController.swift in Sources */ = {isa = PBXBuildFile; fileRef = E43CE7A01E78440600618C39 /* UIViewController.swift */; };
		E43CE7A31E78457200618C39 /* SwiftViewController.swift in Sources */ = {isa = PBXBuildFile; fileRef = E43CE7A21E78457200618C39 /* SwiftViewController.swift */; };
		E43CE7A61E7845CB00618C39 /* ImageHeaderView.swift in Sources */ = {isa = PBXBuildFile; fileRef = E43CE7A41E7845CB00618C39 /* ImageHeaderView.swift */; };
		E43CE7A71E7845CB00618C39 /* ImageHeaderView.xib in Resources */ = {isa = PBXBuildFile; fileRef = E43CE7A51E7845CB00618C39 /* ImageHeaderView.xib */; };
		E43CE7A91E78460300618C39 /* UIImageView.swift in Sources */ = {isa = PBXBuildFile; fileRef = E43CE7A81E78460300618C39 /* UIImageView.swift */; };
		E43CE7AB1E78465A00618C39 /* UIView.swift in Sources */ = {isa = PBXBuildFile; fileRef = E43CE7AA1E78465A00618C39 /* UIView.swift */; };
		E43CE7AD1E7848A100618C39 /* UIColor.swift in Sources */ = {isa = PBXBuildFile; fileRef = E43CE7AC1E7848A100618C39 /* UIColor.swift */; };
		E43CE7AF1E7848CA00618C39 /* String.swift in Sources */ = {isa = PBXBuildFile; fileRef = E43CE7AE1E7848CA00618C39 /* String.swift */; };
		E43CE7B11E78490900618C39 /* UIImage.swift in Sources */ = {isa = PBXBuildFile; fileRef = E43CE7B01E78490900618C39 /* UIImage.swift */; };
		E43CE7B31E784E0500618C39 /* DataTableViewCell.xib in Resources */ = {isa = PBXBuildFile; fileRef = E43CE7B21E784E0500618C39 /* DataTableViewCell.xib */; };
		E43CE7B51E784E7400618C39 /* SubContentsViewController.storyboard in Resources */ = {isa = PBXBuildFile; fileRef = E43CE7B41E784E7400618C39 /* SubContentsViewController.storyboard */; };
		E43CE7BE1E794DCE00618C39 /* CollectionViewCell.xib in Resources */ = {isa = PBXBuildFile; fileRef = E43CE7BC1E794DCE00618C39 /* CollectionViewCell.xib */; };
		E465B15C1E79790500C67A0A /* CollectionViewCell.swift in Sources */ = {isa = PBXBuildFile; fileRef = E465B15B1E79790500C67A0A /* CollectionViewCell.swift */; };
		E465B1761E798A8A00C67A0A /* Alamofire.framework in Frameworks */ = {isa = PBXBuildFile; fileRef = E465B1691E79898800C67A0A /* Alamofire.framework */; };
		E465B1771E798A8A00C67A0A /* Alamofire.framework in Embed Frameworks */ = {isa = PBXBuildFile; fileRef = E465B1691E79898800C67A0A /* Alamofire.framework */; settings = {ATTRIBUTES = (CodeSignOnCopy, RemoveHeadersOnCopy, ); }; };
		E465B17D1E798B0100C67A0A /* SWXMLHash.swift in Sources */ = {isa = PBXBuildFile; fileRef = E465B17B1E798B0100C67A0A /* SWXMLHash.swift */; };
		E465B17E1E798B0100C67A0A /* SWXMLHash+TypeConversion.swift in Sources */ = {isa = PBXBuildFile; fileRef = E465B17C1E798B0100C67A0A /* SWXMLHash+TypeConversion.swift */; };
		E465B1811E7A8F8800C67A0A /* Networking.swift in Sources */ = {isa = PBXBuildFile; fileRef = E465B1801E7A8F8800C67A0A /* Networking.swift */; };
		E4E1A1B91E0A811D0027283B /* AppDelegate.swift in Sources */ = {isa = PBXBuildFile; fileRef = E4E1A1B81E0A811D0027283B /* AppDelegate.swift */; };
		E4E1A1BB1E0A811D0027283B /* MainViewController.swift in Sources */ = {isa = PBXBuildFile; fileRef = E4E1A1BA1E0A811D0027283B /* MainViewController.swift */; };
		E4E1A1BE1E0A811D0027283B /* Main.storyboard in Resources */ = {isa = PBXBuildFile; fileRef = E4E1A1BC1E0A811D0027283B /* Main.storyboard */; };
		E4E1A1C01E0A811D0027283B /* Assets.xcassets in Resources */ = {isa = PBXBuildFile; fileRef = E4E1A1BF1E0A811D0027283B /* Assets.xcassets */; };
		E4E1A1C31E0A811D0027283B /* LaunchScreen.storyboard in Resources */ = {isa = PBXBuildFile; fileRef = E4E1A1C11E0A811D0027283B /* LaunchScreen.storyboard */; };
		E4E1A1CE1E0A811D0027283B /* GatorRenterTests.swift in Sources */ = {isa = PBXBuildFile; fileRef = E4E1A1CD1E0A811D0027283B /* GatorRenterTests.swift */; };
		E4E1A1D91E0A811D0027283B /* GatorRenterUITests.swift in Sources */ = {isa = PBXBuildFile; fileRef = E4E1A1D81E0A811D0027283B /* GatorRenterUITests.swift */; };
/* End PBXBuildFile section */

/* Begin PBXContainerItemProxy section */
		E465B1681E79898800C67A0A /* PBXContainerItemProxy */ = {
			isa = PBXContainerItemProxy;
			containerPortal = E465B15D1E79898800C67A0A /* Alamofire.xcodeproj */;
			proxyType = 2;
			remoteGlobalIDString = F8111E3319A95C8B0040E7D1;
			remoteInfo = "Alamofire iOS";
		};
		E465B16A1E79898800C67A0A /* PBXContainerItemProxy */ = {
			isa = PBXContainerItemProxy;
			containerPortal = E465B15D1E79898800C67A0A /* Alamofire.xcodeproj */;
			proxyType = 2;
			remoteGlobalIDString = F8111E3E19A95C8B0040E7D1;
			remoteInfo = "Alamofire iOS Tests";
		};
		E465B16C1E79898800C67A0A /* PBXContainerItemProxy */ = {
			isa = PBXContainerItemProxy;
			containerPortal = E465B15D1E79898800C67A0A /* Alamofire.xcodeproj */;
			proxyType = 2;
			remoteGlobalIDString = 4DD67C0B1A5C55C900ED2280;
			remoteInfo = "Alamofire macOS";
		};
		E465B16E1E79898800C67A0A /* PBXContainerItemProxy */ = {
			isa = PBXContainerItemProxy;
			containerPortal = E465B15D1E79898800C67A0A /* Alamofire.xcodeproj */;
			proxyType = 2;
			remoteGlobalIDString = F829C6B21A7A94F100A2CD59;
			remoteInfo = "Alamofire macOS Tests";
		};
		E465B1701E79898800C67A0A /* PBXContainerItemProxy */ = {
			isa = PBXContainerItemProxy;
			containerPortal = E465B15D1E79898800C67A0A /* Alamofire.xcodeproj */;
			proxyType = 2;
			remoteGlobalIDString = 4CF626EF1BA7CB3E0011A099;
			remoteInfo = "Alamofire tvOS";
		};
		E465B1721E79898800C67A0A /* PBXContainerItemProxy */ = {
			isa = PBXContainerItemProxy;
			containerPortal = E465B15D1E79898800C67A0A /* Alamofire.xcodeproj */;
			proxyType = 2;
			remoteGlobalIDString = 4CF626F81BA7CB3E0011A099;
			remoteInfo = "Alamofire tvOS Tests";
		};
		E465B1741E79898800C67A0A /* PBXContainerItemProxy */ = {
			isa = PBXContainerItemProxy;
			containerPortal = E465B15D1E79898800C67A0A /* Alamofire.xcodeproj */;
			proxyType = 2;
			remoteGlobalIDString = E4202FE01B667AA100C997FB;
			remoteInfo = "Alamofire watchOS";
		};
		E465B1781E798A8A00C67A0A /* PBXContainerItemProxy */ = {
			isa = PBXContainerItemProxy;
			containerPortal = E465B15D1E79898800C67A0A /* Alamofire.xcodeproj */;
			proxyType = 1;
			remoteGlobalIDString = F8111E3219A95C8B0040E7D1;
			remoteInfo = "Alamofire iOS";
		};
		E4E1A1CA1E0A811D0027283B /* PBXContainerItemProxy */ = {
			isa = PBXContainerItemProxy;
			containerPortal = E4E1A1AD1E0A811D0027283B /* Project object */;
			proxyType = 1;
			remoteGlobalIDString = E4E1A1B41E0A811D0027283B;
			remoteInfo = GatorRenter;
		};
		E4E1A1D51E0A811D0027283B /* PBXContainerItemProxy */ = {
			isa = PBXContainerItemProxy;
			containerPortal = E4E1A1AD1E0A811D0027283B /* Project object */;
			proxyType = 1;
			remoteGlobalIDString = E4E1A1B41E0A811D0027283B;
			remoteInfo = GatorRenter;
		};
/* End PBXContainerItemProxy section */

/* Begin PBXCopyFilesBuildPhase section */
		E465B17A1E798A8A00C67A0A /* Embed Frameworks */ = {
			isa = PBXCopyFilesBuildPhase;
			buildActionMask = 2147483647;
			dstPath = "";
			dstSubfolderSpec = 10;
			files = (
				E465B1771E798A8A00C67A0A /* Alamofire.framework in Embed Frameworks */,
			);
			name = "Embed Frameworks";
			runOnlyForDeploymentPostprocessing = 0;
		};
/* End PBXCopyFilesBuildPhase section */

/* Begin PBXFileReference section */
		E424A9D11E37B5C9001D3467 /* SlideMenuController.swift */ = {isa = PBXFileReference; fileEncoding = 4; lastKnownFileType = sourcecode.swift; name = SlideMenuController.swift; path = ../../SlideMenuControllerSwift/SlideMenuController.swift; sourceTree = "<group>"; };
		E43CE7941E7825DF00618C39 /* LeftViewController.swift */ = {isa = PBXFileReference; fileEncoding = 4; lastKnownFileType = sourcecode.swift; path = LeftViewController.swift; sourceTree = "<group>"; };
		E43CE7961E78263200618C39 /* RightViewController.swift */ = {isa = PBXFileReference; fileEncoding = 4; lastKnownFileType = sourcecode.swift; path = RightViewController.swift; sourceTree = "<group>"; };
		E43CE7981E78437A00618C39 /* BaseTableViewCell.swift */ = {isa = PBXFileReference; fileEncoding = 4; lastKnownFileType = sourcecode.swift; path = BaseTableViewCell.swift; sourceTree = "<group>"; };
		E43CE7991E78437A00618C39 /* DataTableViewCell.swift */ = {isa = PBXFileReference; fileEncoding = 4; lastKnownFileType = sourcecode.swift; path = DataTableViewCell.swift; sourceTree = "<group>"; };
		E43CE79C1E7843C700618C39 /* SubContentsViewController.swift */ = {isa = PBXFileReference; fileEncoding = 4; lastKnownFileType = sourcecode.swift; path = SubContentsViewController.swift; sourceTree = "<group>"; };
		E43CE79E1E7843EA00618C39 /* UITableViewExtension.swift */ = {isa = PBXFileReference; fileEncoding = 4; lastKnownFileType = sourcecode.swift; path = UITableViewExtension.swift; sourceTree = "<group>"; };
		E43CE7A01E78440600618C39 /* UIViewController.swift */ = {isa = PBXFileReference; fileEncoding = 4; lastKnownFileType = sourcecode.swift; path = UIViewController.swift; sourceTree = "<group>"; };
		E43CE7A21E78457200618C39 /* SwiftViewController.swift */ = {isa = PBXFileReference; fileEncoding = 4; lastKnownFileType = sourcecode.swift; path = SwiftViewController.swift; sourceTree = "<group>"; };
		E43CE7A41E7845CB00618C39 /* ImageHeaderView.swift */ = {isa = PBXFileReference; fileEncoding = 4; lastKnownFileType = sourcecode.swift; path = ImageHeaderView.swift; sourceTree = "<group>"; };
		E43CE7A51E7845CB00618C39 /* ImageHeaderView.xib */ = {isa = PBXFileReference; fileEncoding = 4; lastKnownFileType = file.xib; path = ImageHeaderView.xib; sourceTree = "<group>"; };
		E43CE7A81E78460300618C39 /* UIImageView.swift */ = {isa = PBXFileReference; fileEncoding = 4; lastKnownFileType = sourcecode.swift; path = UIImageView.swift; sourceTree = "<group>"; };
		E43CE7AA1E78465A00618C39 /* UIView.swift */ = {isa = PBXFileReference; fileEncoding = 4; lastKnownFileType = sourcecode.swift; path = UIView.swift; sourceTree = "<group>"; };
		E43CE7AC1E7848A100618C39 /* UIColor.swift */ = {isa = PBXFileReference; fileEncoding = 4; lastKnownFileType = sourcecode.swift; path = UIColor.swift; sourceTree = "<group>"; };
		E43CE7AE1E7848CA00618C39 /* String.swift */ = {isa = PBXFileReference; fileEncoding = 4; lastKnownFileType = sourcecode.swift; path = String.swift; sourceTree = "<group>"; };
		E43CE7B01E78490900618C39 /* UIImage.swift */ = {isa = PBXFileReference; fileEncoding = 4; lastKnownFileType = sourcecode.swift; path = UIImage.swift; sourceTree = "<group>"; };
		E43CE7B21E784E0500618C39 /* DataTableViewCell.xib */ = {isa = PBXFileReference; fileEncoding = 4; lastKnownFileType = file.xib; path = DataTableViewCell.xib; sourceTree = "<group>"; };
		E43CE7B41E784E7400618C39 /* SubContentsViewController.storyboard */ = {isa = PBXFileReference; fileEncoding = 4; lastKnownFileType = file.storyboard; path = SubContentsViewController.storyboard; sourceTree = "<group>"; };
		E43CE7BC1E794DCE00618C39 /* CollectionViewCell.xib */ = {isa = PBXFileReference; fileEncoding = 4; lastKnownFileType = file.xib; path = CollectionViewCell.xib; sourceTree = "<group>"; };
		E465B15B1E79790500C67A0A /* CollectionViewCell.swift */ = {isa = PBXFileReference; fileEncoding = 4; lastKnownFileType = sourcecode.swift; path = CollectionViewCell.swift; sourceTree = "<group>"; };
		E465B15D1E79898800C67A0A /* Alamofire.xcodeproj */ = {isa = PBXFileReference; lastKnownFileType = "wrapper.pb-project"; name = Alamofire.xcodeproj; path = Alamofire/Alamofire.xcodeproj; sourceTree = "<group>"; };
		E465B17B1E798B0100C67A0A /* SWXMLHash.swift */ = {isa = PBXFileReference; fileEncoding = 4; lastKnownFileType = sourcecode.swift; path = SWXMLHash.swift; sourceTree = "<group>"; };
		E465B17C1E798B0100C67A0A /* SWXMLHash+TypeConversion.swift */ = {isa = PBXFileReference; fileEncoding = 4; lastKnownFileType = sourcecode.swift; path = "SWXMLHash+TypeConversion.swift"; sourceTree = "<group>"; };
		E465B1801E7A8F8800C67A0A /* Networking.swift */ = {isa = PBXFileReference; fileEncoding = 4; lastKnownFileType = sourcecode.swift; path = Networking.swift; sourceTree = "<group>"; };
		E4E1A1B51E0A811D0027283B /* GatorRenter.app */ = {isa = PBXFileReference; explicitFileType = wrapper.application; includeInIndex = 0; path = GatorRenter.app; sourceTree = BUILT_PRODUCTS_DIR; };
		E4E1A1B81E0A811D0027283B /* AppDelegate.swift */ = {isa = PBXFileReference; lastKnownFileType = sourcecode.swift; path = AppDelegate.swift; sourceTree = "<group>"; };
		E4E1A1BA1E0A811D0027283B /* MainViewController.swift */ = {isa = PBXFileReference; lastKnownFileType = sourcecode.swift; path = MainViewController.swift; sourceTree = "<group>"; };
		E4E1A1BD1E0A811D0027283B /* Base */ = {isa = PBXFileReference; lastKnownFileType = file.storyboard; name = Base; path = Base.lproj/Main.storyboard; sourceTree = "<group>"; };
		E4E1A1BF1E0A811D0027283B /* Assets.xcassets */ = {isa = PBXFileReference; lastKnownFileType = folder.assetcatalog; path = Assets.xcassets; sourceTree = "<group>"; };
		E4E1A1C21E0A811D0027283B /* Base */ = {isa = PBXFileReference; lastKnownFileType = file.storyboard; name = Base; path = Base.lproj/LaunchScreen.storyboard; sourceTree = "<group>"; };
		E4E1A1C41E0A811D0027283B /* Info.plist */ = {isa = PBXFileReference; lastKnownFileType = text.plist.xml; path = Info.plist; sourceTree = "<group>"; };
		E4E1A1C91E0A811D0027283B /* GatorRenterTests.xctest */ = {isa = PBXFileReference; explicitFileType = wrapper.cfbundle; includeInIndex = 0; path = GatorRenterTests.xctest; sourceTree = BUILT_PRODUCTS_DIR; };
		E4E1A1CD1E0A811D0027283B /* GatorRenterTests.swift */ = {isa = PBXFileReference; lastKnownFileType = sourcecode.swift; path = GatorRenterTests.swift; sourceTree = "<group>"; };
		E4E1A1CF1E0A811D0027283B /* Info.plist */ = {isa = PBXFileReference; lastKnownFileType = text.plist.xml; path = Info.plist; sourceTree = "<group>"; };
		E4E1A1D41E0A811D0027283B /* GatorRenterUITests.xctest */ = {isa = PBXFileReference; explicitFileType = wrapper.cfbundle; includeInIndex = 0; path = GatorRenterUITests.xctest; sourceTree = BUILT_PRODUCTS_DIR; };
		E4E1A1D81E0A811D0027283B /* GatorRenterUITests.swift */ = {isa = PBXFileReference; lastKnownFileType = sourcecode.swift; path = GatorRenterUITests.swift; sourceTree = "<group>"; };
		E4E1A1DA1E0A811D0027283B /* Info.plist */ = {isa = PBXFileReference; lastKnownFileType = text.plist.xml; path = Info.plist; sourceTree = "<group>"; };
/* End PBXFileReference section */

/* Begin PBXFrameworksBuildPhase section */
		E4E1A1B21E0A811D0027283B /* Frameworks */ = {
			isa = PBXFrameworksBuildPhase;
			buildActionMask = 2147483647;
			files = (
				E465B1761E798A8A00C67A0A /* Alamofire.framework in Frameworks */,
			);
			runOnlyForDeploymentPostprocessing = 0;
		};
		E4E1A1C61E0A811D0027283B /* Frameworks */ = {
			isa = PBXFrameworksBuildPhase;
			buildActionMask = 2147483647;
			files = (
			);
			runOnlyForDeploymentPostprocessing = 0;
		};
		E4E1A1D11E0A811D0027283B /* Frameworks */ = {
			isa = PBXFrameworksBuildPhase;
			buildActionMask = 2147483647;
			files = (
			);
			runOnlyForDeploymentPostprocessing = 0;
		};
/* End PBXFrameworksBuildPhase section */

/* Begin PBXGroup section */
		E43CE7B61E794C7200618C39 /* Extensions */ = {
			isa = PBXGroup;
			children = (
				E43CE7AE1E7848CA00618C39 /* String.swift */,
				E43CE7AC1E7848A100618C39 /* UIColor.swift */,
				E43CE7B01E78490900618C39 /* UIImage.swift */,
				E43CE7A81E78460300618C39 /* UIImageView.swift */,
				E43CE79E1E7843EA00618C39 /* UITableViewExtension.swift */,
				E43CE7AA1E78465A00618C39 /* UIView.swift */,
				E43CE7A01E78440600618C39 /* UIViewController.swift */,
			);
			name = Extensions;
			sourceTree = "<group>";
		};
		E43CE7B71E794CB900618C39 /* TableViewCell */ = {
			isa = PBXGroup;
			children = (
				E43CE7981E78437A00618C39 /* BaseTableViewCell.swift */,
				E43CE7991E78437A00618C39 /* DataTableViewCell.swift */,
				E43CE7B21E784E0500618C39 /* DataTableViewCell.xib */,
			);
			name = TableViewCell;
			sourceTree = "<group>";
		};
		E43CE7B81E794CD600618C39 /* ViewControllers */ = {
			isa = PBXGroup;
			children = (
				E43CE7941E7825DF00618C39 /* LeftViewController.swift */,
				E4E1A1BA1E0A811D0027283B /* MainViewController.swift */,
				E43CE7961E78263200618C39 /* RightViewController.swift */,
				E424A9D11E37B5C9001D3467 /* SlideMenuController.swift */,
				E43CE79C1E7843C700618C39 /* SubContentsViewController.swift */,
				E43CE7A21E78457200618C39 /* SwiftViewController.swift */,
			);
			name = ViewControllers;
			sourceTree = "<group>";
		};
		E43CE7B91E794CEC00618C39 /* Storyboards */ = {
			isa = PBXGroup;
			children = (
				E4E1A1C11E0A811D0027283B /* LaunchScreen.storyboard */,
				E4E1A1BC1E0A811D0027283B /* Main.storyboard */,
				E43CE7B41E784E7400618C39 /* SubContentsViewController.storyboard */,
			);
			name = Storyboards;
			sourceTree = "<group>";
		};
		E43CE7BA1E794D0200618C39 /* CustomViews */ = {
			isa = PBXGroup;
			children = (
				E43CE7B71E794CB900618C39 /* TableViewCell */,
				E43CE7A41E7845CB00618C39 /* ImageHeaderView.swift */,
				E43CE7A51E7845CB00618C39 /* ImageHeaderView.xib */,
				E43CE7BF1E794DDC00618C39 /* CollectionViewCell */,
			);
			name = CustomViews;
			sourceTree = "<group>";
		};
		E43CE7BF1E794DDC00618C39 /* CollectionViewCell */ = {
			isa = PBXGroup;
			children = (
				E465B15B1E79790500C67A0A /* CollectionViewCell.swift */,
				E43CE7BC1E794DCE00618C39 /* CollectionViewCell.xib */,
			);
			name = CollectionViewCell;
			sourceTree = "<group>";
		};
		E465B15E1E79898800C67A0A /* Products */ = {
			isa = PBXGroup;
			children = (
				E465B1691E79898800C67A0A /* Alamofire.framework */,
				E465B16B1E79898800C67A0A /* Alamofire iOS Tests.xctest */,
				E465B16D1E79898800C67A0A /* Alamofire.framework */,
				E465B16F1E79898800C67A0A /* Alamofire macOS Tests.xctest */,
				E465B1711E79898800C67A0A /* Alamofire.framework */,
				E465B1731E79898800C67A0A /* Alamofire tvOS Tests.xctest */,
				E465B1751E79898800C67A0A /* Alamofire.framework */,
			);
			name = Products;
			sourceTree = "<group>";
		};
		E465B17F1E798B0900C67A0A /* Utilities */ = {
			isa = PBXGroup;
			children = (
				E465B17B1E798B0100C67A0A /* SWXMLHash.swift */,
				E465B17C1E798B0100C67A0A /* SWXMLHash+TypeConversion.swift */,
				E465B1801E7A8F8800C67A0A /* Networking.swift */,
			);
			name = Utilities;
			sourceTree = "<group>";
		};
		E4E1A1AC1E0A811D0027283B = {
			isa = PBXGroup;
			children = (
				E465B15D1E79898800C67A0A /* Alamofire.xcodeproj */,
				E4E1A1B71E0A811D0027283B /* GatorRenter */,
				E4E1A1CC1E0A811D0027283B /* GatorRenterTests */,
				E4E1A1D71E0A811D0027283B /* GatorRenterUITests */,
				E4E1A1B61E0A811D0027283B /* Products */,
			);
			sourceTree = "<group>";
		};
		E4E1A1B61E0A811D0027283B /* Products */ = {
			isa = PBXGroup;
			children = (
				E4E1A1B51E0A811D0027283B /* GatorRenter.app */,
				E4E1A1C91E0A811D0027283B /* GatorRenterTests.xctest */,
				E4E1A1D41E0A811D0027283B /* GatorRenterUITests.xctest */,
			);
			name = Products;
			sourceTree = "<group>";
		};
		E4E1A1B71E0A811D0027283B /* GatorRenter */ = {
			isa = PBXGroup;
			children = (
				E4E1A1B81E0A811D0027283B /* AppDelegate.swift */,
				E4E1A1BF1E0A811D0027283B /* Assets.xcassets */,
				E43CE7BA1E794D0200618C39 /* CustomViews */,
				E43CE7B61E794C7200618C39 /* Extensions */,
				E4E1A1C41E0A811D0027283B /* Info.plist */,
				E43CE7B91E794CEC00618C39 /* Storyboards */,
				E465B17F1E798B0900C67A0A /* Utilities */,
				E43CE7B81E794CD600618C39 /* ViewControllers */,
			);
			path = GatorRenter;
			sourceTree = "<group>";
		};
		E4E1A1CC1E0A811D0027283B /* GatorRenterTests */ = {
			isa = PBXGroup;
			children = (
				E4E1A1CD1E0A811D0027283B /* GatorRenterTests.swift */,
				E4E1A1CF1E0A811D0027283B /* Info.plist */,
			);
			path = GatorRenterTests;
			sourceTree = "<group>";
		};
		E4E1A1D71E0A811D0027283B /* GatorRenterUITests */ = {
			isa = PBXGroup;
			children = (
				E4E1A1D81E0A811D0027283B /* GatorRenterUITests.swift */,
				E4E1A1DA1E0A811D0027283B /* Info.plist */,
			);
			path = GatorRenterUITests;
			sourceTree = "<group>";
		};
/* End PBXGroup section */

/* Begin PBXNativeTarget section */
		E4E1A1B41E0A811D0027283B /* GatorRenter */ = {
			isa = PBXNativeTarget;
			buildConfigurationList = E4E1A1DD1E0A811D0027283B /* Build configuration list for PBXNativeTarget "GatorRenter" */;
			buildPhases = (
				E4E1A1B11E0A811D0027283B /* Sources */,
				E4E1A1B21E0A811D0027283B /* Frameworks */,
				E4E1A1B31E0A811D0027283B /* Resources */,
				E465B17A1E798A8A00C67A0A /* Embed Frameworks */,
			);
			buildRules = (
			);
			dependencies = (
				E465B1791E798A8A00C67A0A /* PBXTargetDependency */,
			);
			name = GatorRenter;
			productName = GatorRenter;
			productReference = E4E1A1B51E0A811D0027283B /* GatorRenter.app */;
			productType = "com.apple.product-type.application";
		};
		E4E1A1C81E0A811D0027283B /* GatorRenterTests */ = {
			isa = PBXNativeTarget;
			buildConfigurationList = E4E1A1E01E0A811D0027283B /* Build configuration list for PBXNativeTarget "GatorRenterTests" */;
			buildPhases = (
				E4E1A1C51E0A811D0027283B /* Sources */,
				E4E1A1C61E0A811D0027283B /* Frameworks */,
				E4E1A1C71E0A811D0027283B /* Resources */,
			);
			buildRules = (
			);
			dependencies = (
				E4E1A1CB1E0A811D0027283B /* PBXTargetDependency */,
			);
			name = GatorRenterTests;
			productName = GatorRenterTests;
			productReference = E4E1A1C91E0A811D0027283B /* GatorRenterTests.xctest */;
			productType = "com.apple.product-type.bundle.unit-test";
		};
		E4E1A1D31E0A811D0027283B /* GatorRenterUITests */ = {
			isa = PBXNativeTarget;
			buildConfigurationList = E4E1A1E31E0A811D0027283B /* Build configuration list for PBXNativeTarget "GatorRenterUITests" */;
			buildPhases = (
				E4E1A1D01E0A811D0027283B /* Sources */,
				E4E1A1D11E0A811D0027283B /* Frameworks */,
				E4E1A1D21E0A811D0027283B /* Resources */,
			);
			buildRules = (
			);
			dependencies = (
				E4E1A1D61E0A811D0027283B /* PBXTargetDependency */,
			);
			name = GatorRenterUITests;
			productName = GatorRenterUITests;
			productReference = E4E1A1D41E0A811D0027283B /* GatorRenterUITests.xctest */;
			productType = "com.apple.product-type.bundle.ui-testing";
		};
/* End PBXNativeTarget section */

/* Begin PBXProject section */
		E4E1A1AD1E0A811D0027283B /* Project object */ = {
			isa = PBXProject;
			attributes = {
				LastSwiftUpdateCheck = 0810;
				LastUpgradeCheck = 0810;
				ORGANIZATIONNAME = fdai4856;
				TargetAttributes = {
					E4E1A1B41E0A811D0027283B = {
						CreatedOnToolsVersion = 8.1;
						DevelopmentTeam = HZSX5WW73P;
						ProvisioningStyle = Automatic;
					};
					E4E1A1C81E0A811D0027283B = {
						CreatedOnToolsVersion = 8.1;
						ProvisioningStyle = Automatic;
						TestTargetID = E4E1A1B41E0A811D0027283B;
					};
					E4E1A1D31E0A811D0027283B = {
						CreatedOnToolsVersion = 8.1;
						ProvisioningStyle = Automatic;
						TestTargetID = E4E1A1B41E0A811D0027283B;
					};
				};
			};
			buildConfigurationList = E4E1A1B01E0A811D0027283B /* Build configuration list for PBXProject "GatorRenter" */;
			compatibilityVersion = "Xcode 3.2";
			developmentRegion = English;
			hasScannedForEncodings = 0;
			knownRegions = (
				en,
				Base,
			);
			mainGroup = E4E1A1AC1E0A811D0027283B;
			productRefGroup = E4E1A1B61E0A811D0027283B /* Products */;
			projectDirPath = "";
			projectReferences = (
				{
					ProductGroup = E465B15E1E79898800C67A0A /* Products */;
					ProjectRef = E465B15D1E79898800C67A0A /* Alamofire.xcodeproj */;
				},
			);
			projectRoot = "";
			targets = (
				E4E1A1B41E0A811D0027283B /* GatorRenter */,
				E4E1A1C81E0A811D0027283B /* GatorRenterTests */,
				E4E1A1D31E0A811D0027283B /* GatorRenterUITests */,
			);
		};
/* End PBXProject section */

/* Begin PBXReferenceProxy section */
		E465B1691E79898800C67A0A /* Alamofire.framework */ = {
			isa = PBXReferenceProxy;
			fileType = wrapper.framework;
			path = Alamofire.framework;
			remoteRef = E465B1681E79898800C67A0A /* PBXContainerItemProxy */;
			sourceTree = BUILT_PRODUCTS_DIR;
		};
		E465B16B1E79898800C67A0A /* Alamofire iOS Tests.xctest */ = {
			isa = PBXReferenceProxy;
			fileType = wrapper.cfbundle;
			path = "Alamofire iOS Tests.xctest";
			remoteRef = E465B16A1E79898800C67A0A /* PBXContainerItemProxy */;
			sourceTree = BUILT_PRODUCTS_DIR;
		};
		E465B16D1E79898800C67A0A /* Alamofire.framework */ = {
			isa = PBXReferenceProxy;
			fileType = wrapper.framework;
			path = Alamofire.framework;
			remoteRef = E465B16C1E79898800C67A0A /* PBXContainerItemProxy */;
			sourceTree = BUILT_PRODUCTS_DIR;
		};
		E465B16F1E79898800C67A0A /* Alamofire macOS Tests.xctest */ = {
			isa = PBXReferenceProxy;
			fileType = wrapper.cfbundle;
			path = "Alamofire macOS Tests.xctest";
			remoteRef = E465B16E1E79898800C67A0A /* PBXContainerItemProxy */;
			sourceTree = BUILT_PRODUCTS_DIR;
		};
		E465B1711E79898800C67A0A /* Alamofire.framework */ = {
			isa = PBXReferenceProxy;
			fileType = wrapper.framework;
			path = Alamofire.framework;
			remoteRef = E465B1701E79898800C67A0A /* PBXContainerItemProxy */;
			sourceTree = BUILT_PRODUCTS_DIR;
		};
		E465B1731E79898800C67A0A /* Alamofire tvOS Tests.xctest */ = {
			isa = PBXReferenceProxy;
			fileType = wrapper.cfbundle;
			path = "Alamofire tvOS Tests.xctest";
			remoteRef = E465B1721E79898800C67A0A /* PBXContainerItemProxy */;
			sourceTree = BUILT_PRODUCTS_DIR;
		};
		E465B1751E79898800C67A0A /* Alamofire.framework */ = {
			isa = PBXReferenceProxy;
			fileType = wrapper.framework;
			path = Alamofire.framework;
			remoteRef = E465B1741E79898800C67A0A /* PBXContainerItemProxy */;
			sourceTree = BUILT_PRODUCTS_DIR;
		};
/* End PBXReferenceProxy section */

/* Begin PBXResourcesBuildPhase section */
		E4E1A1B31E0A811D0027283B /* Resources */ = {
			isa = PBXResourcesBuildPhase;
			buildActionMask = 2147483647;
			files = (
				E43CE7B31E784E0500618C39 /* DataTableViewCell.xib in Resources */,
				E43CE7BE1E794DCE00618C39 /* CollectionViewCell.xib in Resources */,
				E4E1A1C31E0A811D0027283B /* LaunchScreen.storyboard in Resources */,
				E43CE7B51E784E7400618C39 /* SubContentsViewController.storyboard in Resources */,
				E4E1A1C01E0A811D0027283B /* Assets.xcassets in Resources */,
				E4E1A1BE1E0A811D0027283B /* Main.storyboard in Resources */,
				E43CE7A71E7845CB00618C39 /* ImageHeaderView.xib in Resources */,
			);
			runOnlyForDeploymentPostprocessing = 0;
		};
		E4E1A1C71E0A811D0027283B /* Resources */ = {
			isa = PBXResourcesBuildPhase;
			buildActionMask = 2147483647;
			files = (
			);
			runOnlyForDeploymentPostprocessing = 0;
		};
		E4E1A1D21E0A811D0027283B /* Resources */ = {
			isa = PBXResourcesBuildPhase;
			buildActionMask = 2147483647;
			files = (
			);
			runOnlyForDeploymentPostprocessing = 0;
		};
/* End PBXResourcesBuildPhase section */

/* Begin PBXSourcesBuildPhase section */
		E4E1A1B11E0A811D0027283B /* Sources */ = {
			isa = PBXSourcesBuildPhase;
			buildActionMask = 2147483647;
			files = (
				E4E1A1BB1E0A811D0027283B /* MainViewController.swift in Sources */,
				E43CE79D1E7843C700618C39 /* SubContentsViewController.swift in Sources */,
				E465B17D1E798B0100C67A0A /* SWXMLHash.swift in Sources */,
				E465B15C1E79790500C67A0A /* CollectionViewCell.swift in Sources */,
				E43CE7A31E78457200618C39 /* SwiftViewController.swift in Sources */,
				E43CE7A91E78460300618C39 /* UIImageView.swift in Sources */,
				E465B1811E7A8F8800C67A0A /* Networking.swift in Sources */,
				E43CE7AD1E7848A100618C39 /* UIColor.swift in Sources */,
				E43CE7A61E7845CB00618C39 /* ImageHeaderView.swift in Sources */,
				E43CE7B11E78490900618C39 /* UIImage.swift in Sources */,
				E43CE7951E7825DF00618C39 /* LeftViewController.swift in Sources */,
				E43CE7971E78263200618C39 /* RightViewController.swift in Sources */,
				E43CE7A11E78440600618C39 /* UIViewController.swift in Sources */,
				E424A9D21E37B5C9001D3467 /* SlideMenuController.swift in Sources */,
				E43CE79A1E78437A00618C39 /* BaseTableViewCell.swift in Sources */,
				E43CE7AB1E78465A00618C39 /* UIView.swift in Sources */,
				E43CE79F1E7843EA00618C39 /* UITableViewExtension.swift in Sources */,
				E43CE79B1E78437A00618C39 /* DataTableViewCell.swift in Sources */,
				E43CE7AF1E7848CA00618C39 /* String.swift in Sources */,
				E4E1A1B91E0A811D0027283B /* AppDelegate.swift in Sources */,
				E465B17E1E798B0100C67A0A /* SWXMLHash+TypeConversion.swift in Sources */,
			);
			runOnlyForDeploymentPostprocessing = 0;
		};
		E4E1A1C51E0A811D0027283B /* Sources */ = {
			isa = PBXSourcesBuildPhase;
			buildActionMask = 2147483647;
			files = (
				E4E1A1CE1E0A811D0027283B /* GatorRenterTests.swift in Sources */,
			);
			runOnlyForDeploymentPostprocessing = 0;
		};
		E4E1A1D01E0A811D0027283B /* Sources */ = {
			isa = PBXSourcesBuildPhase;
			buildActionMask = 2147483647;
			files = (
				E4E1A1D91E0A811D0027283B /* GatorRenterUITests.swift in Sources */,
			);
			runOnlyForDeploymentPostprocessing = 0;
		};
/* End PBXSourcesBuildPhase section */

/* Begin PBXTargetDependency section */
		E465B1791E798A8A00C67A0A /* PBXTargetDependency */ = {
			isa = PBXTargetDependency;
			name = "Alamofire iOS";
			targetProxy = E465B1781E798A8A00C67A0A /* PBXContainerItemProxy */;
		};
		E4E1A1CB1E0A811D0027283B /* PBXTargetDependency */ = {
			isa = PBXTargetDependency;
			target = E4E1A1B41E0A811D0027283B /* GatorRenter */;
			targetProxy = E4E1A1CA1E0A811D0027283B /* PBXContainerItemProxy */;
		};
		E4E1A1D61E0A811D0027283B /* PBXTargetDependency */ = {
			isa = PBXTargetDependency;
			target = E4E1A1B41E0A811D0027283B /* GatorRenter */;
			targetProxy = E4E1A1D51E0A811D0027283B /* PBXContainerItemProxy */;
		};
/* End PBXTargetDependency section */

/* Begin PBXVariantGroup section */
		E4E1A1BC1E0A811D0027283B /* Main.storyboard */ = {
			isa = PBXVariantGroup;
			children = (
				E4E1A1BD1E0A811D0027283B /* Base */,
			);
			name = Main.storyboard;
			sourceTree = "<group>";
		};
		E4E1A1C11E0A811D0027283B /* LaunchScreen.storyboard */ = {
			isa = PBXVariantGroup;
			children = (
				E4E1A1C21E0A811D0027283B /* Base */,
			);
			name = LaunchScreen.storyboard;
			sourceTree = "<group>";
		};
/* End PBXVariantGroup section */

/* Begin XCBuildConfiguration section */
		E4E1A1DB1E0A811D0027283B /* Debug */ = {
			isa = XCBuildConfiguration;
			buildSettings = {
				ALWAYS_SEARCH_USER_PATHS = NO;
				CLANG_ANALYZER_NONNULL = YES;
				CLANG_CXX_LANGUAGE_STANDARD = "gnu++0x";
				CLANG_CXX_LIBRARY = "libc++";
				CLANG_ENABLE_MODULES = YES;
				CLANG_ENABLE_OBJC_ARC = YES;
				CLANG_WARN_BOOL_CONVERSION = YES;
				CLANG_WARN_CONSTANT_CONVERSION = YES;
				CLANG_WARN_DIRECT_OBJC_ISA_USAGE = YES_ERROR;
				CLANG_WARN_DOCUMENTATION_COMMENTS = YES;
				CLANG_WARN_EMPTY_BODY = YES;
				CLANG_WARN_ENUM_CONVERSION = YES;
				CLANG_WARN_INFINITE_RECURSION = YES;
				CLANG_WARN_INT_CONVERSION = YES;
				CLANG_WARN_OBJC_ROOT_CLASS = YES_ERROR;
				CLANG_WARN_SUSPICIOUS_MOVES = YES;
				CLANG_WARN_UNREACHABLE_CODE = YES;
				CLANG_WARN__DUPLICATE_METHOD_MATCH = YES;
				"CODE_SIGN_IDENTITY[sdk=iphoneos*]" = "iPhone Developer";
				COPY_PHASE_STRIP = NO;
				DEBUG_INFORMATION_FORMAT = dwarf;
				ENABLE_STRICT_OBJC_MSGSEND = YES;
				ENABLE_TESTABILITY = YES;
				GCC_C_LANGUAGE_STANDARD = gnu99;
				GCC_DYNAMIC_NO_PIC = NO;
				GCC_NO_COMMON_BLOCKS = YES;
				GCC_OPTIMIZATION_LEVEL = 0;
				GCC_PREPROCESSOR_DEFINITIONS = (
					"DEBUG=1",
					"$(inherited)",
				);
				GCC_WARN_64_TO_32_BIT_CONVERSION = YES;
				GCC_WARN_ABOUT_RETURN_TYPE = YES_ERROR;
				GCC_WARN_UNDECLARED_SELECTOR = YES;
				GCC_WARN_UNINITIALIZED_AUTOS = YES_AGGRESSIVE;
				GCC_WARN_UNUSED_FUNCTION = YES;
				GCC_WARN_UNUSED_VARIABLE = YES;
				IPHONEOS_DEPLOYMENT_TARGET = 10.1;
				MTL_ENABLE_DEBUG_INFO = YES;
				ONLY_ACTIVE_ARCH = YES;
				SDKROOT = iphoneos;
				SWIFT_ACTIVE_COMPILATION_CONDITIONS = DEBUG;
				SWIFT_OPTIMIZATION_LEVEL = "-Onone";
				TARGETED_DEVICE_FAMILY = "1,2";
			};
			name = Debug;
		};
		E4E1A1DC1E0A811D0027283B /* Release */ = {
			isa = XCBuildConfiguration;
			buildSettings = {
				ALWAYS_SEARCH_USER_PATHS = NO;
				CLANG_ANALYZER_NONNULL = YES;
				CLANG_CXX_LANGUAGE_STANDARD = "gnu++0x";
				CLANG_CXX_LIBRARY = "libc++";
				CLANG_ENABLE_MODULES = YES;
				CLANG_ENABLE_OBJC_ARC = YES;
				CLANG_WARN_BOOL_CONVERSION = YES;
				CLANG_WARN_CONSTANT_CONVERSION = YES;
				CLANG_WARN_DIRECT_OBJC_ISA_USAGE = YES_ERROR;
				CLANG_WARN_DOCUMENTATION_COMMENTS = YES;
				CLANG_WARN_EMPTY_BODY = YES;
				CLANG_WARN_ENUM_CONVERSION = YES;
				CLANG_WARN_INFINITE_RECURSION = YES;
				CLANG_WARN_INT_CONVERSION = YES;
				CLANG_WARN_OBJC_ROOT_CLASS = YES_ERROR;
				CLANG_WARN_SUSPICIOUS_MOVES = YES;
				CLANG_WARN_UNREACHABLE_CODE = YES;
				CLANG_WARN__DUPLICATE_METHOD_MATCH = YES;
				"CODE_SIGN_IDENTITY[sdk=iphoneos*]" = "iPhone Developer";
				COPY_PHASE_STRIP = NO;
				DEBUG_INFORMATION_FORMAT = "dwarf-with-dsym";
				ENABLE_NS_ASSERTIONS = NO;
				ENABLE_STRICT_OBJC_MSGSEND = YES;
				GCC_C_LANGUAGE_STANDARD = gnu99;
				GCC_NO_COMMON_BLOCKS = YES;
				GCC_WARN_64_TO_32_BIT_CONVERSION = YES;
				GCC_WARN_ABOUT_RETURN_TYPE = YES_ERROR;
				GCC_WARN_UNDECLARED_SELECTOR = YES;
				GCC_WARN_UNINITIALIZED_AUTOS = YES_AGGRESSIVE;
				GCC_WARN_UNUSED_FUNCTION = YES;
				GCC_WARN_UNUSED_VARIABLE = YES;
				IPHONEOS_DEPLOYMENT_TARGET = 10.1;
				MTL_ENABLE_DEBUG_INFO = NO;
				SDKROOT = iphoneos;
				SWIFT_OPTIMIZATION_LEVEL = "-Owholemodule";
				TARGETED_DEVICE_FAMILY = "1,2";
				VALIDATE_PRODUCT = YES;
			};
			name = Release;
		};
		E4E1A1DE1E0A811D0027283B /* Debug */ = {
			isa = XCBuildConfiguration;
			buildSettings = {
				ALWAYS_EMBED_SWIFT_STANDARD_LIBRARIES = YES;
				ASSETCATALOG_COMPILER_APPICON_NAME = AppIcon;
				DEVELOPMENT_TEAM = HZSX5WW73P;
				INFOPLIST_FILE = GatorRenter/Info.plist;
				LD_RUNPATH_SEARCH_PATHS = "$(inherited) @executable_path/Frameworks";
				PRODUCT_BUNDLE_IDENTIFIER = HochschuleFulda.GatorRenter;
				PRODUCT_NAME = "$(TARGET_NAME)";
				SWIFT_VERSION = 3.0;
				TARGETED_DEVICE_FAMILY = 2;
			};
			name = Debug;
		};
		E4E1A1DF1E0A811D0027283B /* Release */ = {
			isa = XCBuildConfiguration;
			buildSettings = {
				ALWAYS_EMBED_SWIFT_STANDARD_LIBRARIES = YES;
				ASSETCATALOG_COMPILER_APPICON_NAME = AppIcon;
				DEVELOPMENT_TEAM = HZSX5WW73P;
				INFOPLIST_FILE = GatorRenter/Info.plist;
				LD_RUNPATH_SEARCH_PATHS = "$(inherited) @executable_path/Frameworks";
				PRODUCT_BUNDLE_IDENTIFIER = HochschuleFulda.GatorRenter;
				PRODUCT_NAME = "$(TARGET_NAME)";
				SWIFT_VERSION = 3.0;
				TARGETED_DEVICE_FAMILY = 2;
			};
			name = Release;
		};
		E4E1A1E11E0A811D0027283B /* Debug */ = {
			isa = XCBuildConfiguration;
			buildSettings = {
				ALWAYS_EMBED_SWIFT_STANDARD_LIBRARIES = YES;
				BUNDLE_LOADER = "$(TEST_HOST)";
				INFOPLIST_FILE = GatorRenterTests/Info.plist;
				LD_RUNPATH_SEARCH_PATHS = "$(inherited) @executable_path/Frameworks @loader_path/Frameworks";
				PRODUCT_BUNDLE_IDENTIFIER = HochschuleFulda.GatorRenterTests;
				PRODUCT_NAME = "$(TARGET_NAME)";
				SWIFT_VERSION = 3.0;
				TEST_HOST = "$(BUILT_PRODUCTS_DIR)/GatorRenter.app/GatorRenter";
			};
			name = Debug;
		};
		E4E1A1E21E0A811D0027283B /* Release */ = {
			isa = XCBuildConfiguration;
			buildSettings = {
				ALWAYS_EMBED_SWIFT_STANDARD_LIBRARIES = YES;
				BUNDLE_LOADER = "$(TEST_HOST)";
				INFOPLIST_FILE = GatorRenterTests/Info.plist;
				LD_RUNPATH_SEARCH_PATHS = "$(inherited) @executable_path/Frameworks @loader_path/Frameworks";
				PRODUCT_BUNDLE_IDENTIFIER = HochschuleFulda.GatorRenterTests;
				PRODUCT_NAME = "$(TARGET_NAME)";
				SWIFT_VERSION = 3.0;
				TEST_HOST = "$(BUILT_PRODUCTS_DIR)/GatorRenter.app/GatorRenter";
			};
			name = Release;
		};
		E4E1A1E41E0A811D0027283B /* Debug */ = {
			isa = XCBuildConfiguration;
			buildSettings = {
				ALWAYS_EMBED_SWIFT_STANDARD_LIBRARIES = YES;
				INFOPLIST_FILE = GatorRenterUITests/Info.plist;
				LD_RUNPATH_SEARCH_PATHS = "$(inherited) @executable_path/Frameworks @loader_path/Frameworks";
				PRODUCT_BUNDLE_IDENTIFIER = HochschuleFulda.GatorRenterUITests;
				PRODUCT_NAME = "$(TARGET_NAME)";
				SWIFT_VERSION = 3.0;
				TEST_TARGET_NAME = GatorRenter;
			};
			name = Debug;
		};
		E4E1A1E51E0A811D0027283B /* Release */ = {
			isa = XCBuildConfiguration;
			buildSettings = {
				ALWAYS_EMBED_SWIFT_STANDARD_LIBRARIES = YES;
				INFOPLIST_FILE = GatorRenterUITests/Info.plist;
				LD_RUNPATH_SEARCH_PATHS = "$(inherited) @executable_path/Frameworks @loader_path/Frameworks";
				PRODUCT_BUNDLE_IDENTIFIER = HochschuleFulda.GatorRenterUITests;
				PRODUCT_NAME = "$(TARGET_NAME)";
				SWIFT_VERSION = 3.0;
				TEST_TARGET_NAME = GatorRenter;
			};
			name = Release;
		};
/* End XCBuildConfiguration section */

/* Begin XCConfigurationList section */
		E4E1A1B01E0A811D0027283B /* Build configuration list for PBXProject "GatorRenter" */ = {
			isa = XCConfigurationList;
			buildConfigurations = (
				E4E1A1DB1E0A811D0027283B /* Debug */,
				E4E1A1DC1E0A811D0027283B /* Release */,
			);
			defaultConfigurationIsVisible = 0;
			defaultConfigurationName = Release;
		};
		E4E1A1DD1E0A811D0027283B /* Build configuration list for PBXNativeTarget "GatorRenter" */ = {
			isa = XCConfigurationList;
			buildConfigurations = (
				E4E1A1DE1E0A811D0027283B /* Debug */,
				E4E1A1DF1E0A811D0027283B /* Release */,
			);
			defaultConfigurationIsVisible = 0;
			defaultConfigurationName = Release;
		};
		E4E1A1E01E0A811D0027283B /* Build configuration list for PBXNativeTarget "GatorRenterTests" */ = {
			isa = XCConfigurationList;
			buildConfigurations = (
				E4E1A1E11E0A811D0027283B /* Debug */,
				E4E1A1E21E0A811D0027283B /* Release */,
			);
			defaultConfigurationIsVisible = 0;
			defaultConfigurationName = Release;
		};
		E4E1A1E31E0A811D0027283B /* Build configuration list for PBXNativeTarget "GatorRenterUITests" */ = {
			isa = XCConfigurationList;
			buildConfigurations = (
				E4E1A1E41E0A811D0027283B /* Debug */,
				E4E1A1E51E0A811D0027283B /* Release */,
			);
			defaultConfigurationIsVisible = 0;
			defaultConfigurationName = Release;
		};
/* End XCConfigurationList section */
	};
	rootObject = E4E1A1AD1E0A811D0027283B /* Project object */;
}
